
Microsoft Visual Studio Solution File, Format Version 12.00
# Visual Studio 14
VisualStudioVersion = 14.0.25420.1
MinimumVisualStudioVersion = 10.0.40219.1
Project("{FAE04EC0-301F-11D3-BF4B-00C04F79EFBC}") = "SuperAdventure", "SuperAdventure\SuperAdventure.csproj", "{C3FE74D8-4AA3-42A8-900E-928A06AA77D1}"
EndProject
Project("{FAE04EC0-301F-11D3-BF4B-00C04F79EFBC}") = "Engine", "Engine\Engine.csproj", "{230DCAF3-C706-4B7C-8BE6-D9E968E58AD6}"
EndProject
Project("{FAE04EC0-301F-11D3-BF4B-00C04F79EFBC}") = "GitSetup", "GitSetup\GitSetup.csproj", "{13B2BB54-D530-49E2-AF31-78BA492DAB3C}"
EndProject
Global
	GlobalSection(SolutionConfigurationPlatforms) = preSolution
		Debug|Any CPU = Debug|Any CPU
		Release|Any CPU = Release|Any CPU
	EndGlobalSection
	GlobalSection(ProjectConfigurationPlatforms) = postSolution
		{C3FE74D8-4AA3-42A8-900E-928A06AA77D1}.Debug|Any CPU.ActiveCfg = Debug|Any CPU
		{C3FE74D8-4AA3-42A8-900E-928A06AA77D1}.Debug|Any CPU.Build.0 = Debug|Any CPU
		{C3FE74D8-4AA3-42A8-900E-928A06AA77D1}.Release|Any CPU.ActiveCfg = Release|Any CPU
		{C3FE74D8-4AA3-42A8-900E-928A06AA77D1}.Release|Any CPU.Build.0 = Release|Any CPU
		{230DCAF3-C706-4B7C-8BE6-D9E968E58AD6}.Debug|Any CPU.ActiveCfg = Debug|Any CPU
		{230DCAF3-C706-4B7C-8BE6-D9E968E58AD6}.Debug|Any CPU.Build.0 = Debug|Any CPU
		{230DCAF3-C706-4B7C-8BE6-D9E968E58AD6}.Release|Any CPU.ActiveCfg = Release|Any CPU
		{230DCAF3-C706-4B7C-8BE6-D9E968E58AD6}.Release|Any CPU.Build.0 = Release|Any CPU
		{13B2BB54-D530-49E2-AF31-78BA492DAB3C}.Debug|Any CPU.ActiveCfg = Debug|Any CPU
		{13B2BB54-D530-49E2-AF31-78BA492DAB3C}.Debug|Any CPU.Build.0 = Debug|Any CPU
		{13B2BB54-D530-49E2-AF31-78BA492DAB3C}.Release|Any CPU.ActiveCfg = Release|Any CPU
		{13B2BB54-D530-49E2-AF31-78BA492DAB3C}.Release|Any CPU.Build.0 = Release|Any CPU
	EndGlobalSection
	GlobalSection(SolutionProperties) = preSolution
		HideSolutionNode = FALSE
	EndGlobalSection
EndGlobal
