
Microsoft Visual Studio Solution File, Format Version 12.00
# Visual Studio 14
VisualStudioVersion = 14.0.25420.1
MinimumVisualStudioVersion = 10.0.40219.1
Project("{FAE04EC0-301F-11D3-BF4B-00C04F79EFBC}") = "SuperAdventure", "SuperAdventure\SuperAdventure.csproj", "{221D31F8-492E-4415-BB2A-A048C9CC8573}"
EndProject
Project("{FAE04EC0-301F-11D3-BF4B-00C04F79EFBC}") = "Engine", "Engine\Engine.csproj", "{DC1BB16D-4CE8-4601-BB15-4480D2D113AA}"
EndProject
Global
	GlobalSection(SolutionConfigurationPlatforms) = preSolution
		Debug|Any CPU = Debug|Any CPU
		Release|Any CPU = Release|Any CPU
	EndGlobalSection
	GlobalSection(ProjectConfigurationPlatforms) = postSolution
		{221D31F8-492E-4415-BB2A-A048C9CC8573}.Debug|Any CPU.ActiveCfg = Debug|Any CPU
		{221D31F8-492E-4415-BB2A-A048C9CC8573}.Debug|Any CPU.Build.0 = Debug|Any CPU
		{221D31F8-492E-4415-BB2A-A048C9CC8573}.Release|Any CPU.ActiveCfg = Release|Any CPU
		{221D31F8-492E-4415-BB2A-A048C9CC8573}.Release|Any CPU.Build.0 = Release|Any CPU
		{DC1BB16D-4CE8-4601-BB15-4480D2D113AA}.Debug|Any CPU.ActiveCfg = Debug|Any CPU
		{DC1BB16D-4CE8-4601-BB15-4480D2D113AA}.Debug|Any CPU.Build.0 = Debug|Any CPU
		{DC1BB16D-4CE8-4601-BB15-4480D2D113AA}.Release|Any CPU.ActiveCfg = Release|Any CPU
		{DC1BB16D-4CE8-4601-BB15-4480D2D113AA}.Release|Any CPU.Build.0 = Release|Any CPU
	EndGlobalSection
	GlobalSection(SolutionProperties) = preSolution
		HideSolutionNode = FALSE
	EndGlobalSection
EndGlobal
